{
  "name": "test-bin-added-transitive-deps",
  "version": "1.0.0",
  "lockfileVersion": 3,
  "requires": true,
  "packages": {
    "": {
      "name": "test-bin-added-transitive-deps",
      "version": "1.0.0",
      "license": "ISC",
      "dependencies": {
        "a": "file:a",
        "b": "file:b"
      }
    },
    "node_modules/@ruyadorno/package-with-added-bin": {
      "version": "1.0.0",
      "resolved": "https://registry.npmjs.org/@ruyadorno/package-with-added-bin/-/package-with-added-bin-1.0.0.tgz",
      "integrity": "sha512-hdo4fqsQASK9NDsw47yAjrMK0qVfnjW0fwQFz546ygzyoN96X2zOBf8Ri32lvFmjswtF/UyJterBnWhNHk7omQ=="
    },
    "node_modules/a": {
      "version": "1.0.0",
      "resolved": "file:a",
      "license": "ISC",
      "dependencies": {
        "@ruyadorno/package-with-added-bin": "^1.0.0"
      }
    },
    "node_modules/b": {
      "version": "1.0.0",
      "resolved": "file:b",
      "license": "ISC",
      "dependencies": {
        "@ruyadorno/package-with-added-bin": "^2.0.0"
      },
      "bin": {
        "b": "file.js"
      }
    },
    "node_modules/b/node_modules/@ruyadorno/package-with-added-bin": {
      "version": "2.0.0",
      "resolved": "https://registry.npmjs.org/@ruyadorno/package-with-added-bin/-/package-with-added-bin-2.0.0.tgz",
      "integrity": "sha512-TjszCDj6g98yvljxbDw9TjSvq6kjfxUZKd9Eew5gNuHZiaqLKiX99XXVP+671z8Qhjmbbr+nPVf1pH9xuNP9Gw==",
      "bin": {
        "package-with-added-bin": "file.js"
      }
    }
  }
}
