{
  "name": "platform-test",
  "version": "1.0.0",
  "lockfileVersion": 3,
  "requires": true,
  "packages": {
    "": {
      "name": "platform-test",
      "version": "1.0.0",
      "license": "ISC",
      "dependencies": {
        "platform-specifying-test-package": "1.0.0"
      }
    },
    "node_modules/platform-specifying-test-package": {
      "version": "1.0.0",
      "resolved": "https://registry.npmjs.org/platform-specifying-test-package/-/platform-specifying-test-package-1.0.0.tgz",
      "integrity": "sha512-3Np3+FCsBeOWdhTftiBnvjBmK2dkqu/bjwU0smtx+2j4wVAzZBaOh25YvdqZGB6Eo5WykUHRLtQRPJ6V1sNeRQ==",
      "os": [
        "win32"
      ]
    }
  }
}
